// !$*UTF8*$!
{
	archiveVersion = 1;
	classes = {
	};
	objectVersion = 50;
	objects = {

/* Begin PBXBuildFile section */
		DD1B44082153D83300F5B7F4 /* libmysqlclient.a in Frameworks */ = {isa = PBXBuildFile; fileRef = DD1B44072153D83300F5B7F4 /* libmysqlclient.a */; };
		DD1B440E2153D9D100F5B7F4 /* libzdb.a in Frameworks */ = {isa = PBXBuildFile; fileRef = DD1B440D2153D9D000F5B7F4 /* libzdb.a */; };
		DD29AB1D215526D600A2CE46 /* libsqlite3.a in Frameworks */ = {isa = PBXBuildFile; fileRef = DD29AB1C215526D600A2CE46 /* libsqlite3.a */; };
		DD71117F2153987100FFB432 /* main.cpp in Sources */ = {isa = PBXBuildFile; fileRef = DD71117E2153987100FFB432 /* main.cpp */; };
		DD7111A621539AA400FFB432 /* error.cpp in Sources */ = {isa = PBXBuildFile; fileRef = DD71118621539AA300FFB432 /* error.cpp */; };
		DD7111A721539AA400FFB432 /* string.cpp in Sources */ = {isa = PBXBuildFile; fileRef = DD71118721539AA300FFB432 /* string.cpp */; };
		DD7111A821539AA400FFB432 /* tcp_connect.cpp in Sources */ = {isa = PBXBuildFile; fileRef = DD71118921539AA300FFB432 /* tcp_connect.cpp */; };
		DD7111A921539AA400FFB432 /* wrapsock.cpp in Sources */ = {isa = PBXBuildFile; fileRef = DD71118B21539AA300FFB432 /* wrapsock.cpp */; };
		DD7111AA21539AA400FFB432 /* wrapunix.cpp in Sources */ = {isa = PBXBuildFile; fileRef = DD71118C21539AA300FFB432 /* wrapunix.cpp */; };
		DD7111AB21539AA400FFB432 /* Get_User_Data.cpp in Sources */ = {isa = PBXBuildFile; fileRef = DD71118E21539AA300FFB432 /* Get_User_Data.cpp */; };
		DD7111AC21539AA400FFB432 /* web.cpp in Sources */ = {isa = PBXBuildFile; fileRef = DD71119021539AA300FFB432 /* web.cpp */; };
		DD7111AD21539AA400FFB432 /* global.cpp in Sources */ = {isa = PBXBuildFile; fileRef = DD71119221539AA300FFB432 /* global.cpp */; };
		DD7111AE21539AA400FFB432 /* ntgs_mysql.cpp in Sources */ = {isa = PBXBuildFile; fileRef = DD71119421539AA300FFB432 /* ntgs_mysql.cpp */; };
		DD7111AF21539AA400FFB432 /* maintest.cpp in Sources */ = {isa = PBXBuildFile; fileRef = DD71119621539AA300FFB432 /* maintest.cpp */; };
		DD7111B021539AA400FFB432 /* gtring.cpp in Sources */ = {isa = PBXBuildFile; fileRef = DD71119921539AA300FFB432 /* gtring.cpp */; };
		DD7111B121539AA400FFB432 /* http.cpp in Sources */ = {isa = PBXBuildFile; fileRef = DD71119A21539AA300FFB432 /* http.cpp */; };
		DD7111B221539AA400FFB432 /* scanroutine.cpp in Sources */ = {isa = PBXBuildFile; fileRef = DD71119C21539AA300FFB432 /* scanroutine.cpp */; };
		DD7111B321539AA400FFB432 /* text.cpp in Sources */ = {isa = PBXBuildFile; fileRef = DD71119D21539AA300FFB432 /* text.cpp */; };
		DD7111B421539AA400FFB432 /* threadpool.cpp in Sources */ = {isa = PBXBuildFile; fileRef = DD71119F21539AA300FFB432 /* threadpool.cpp */; };
		DD7111B521539AA400FFB432 /* url.cpp in Sources */ = {isa = PBXBuildFile; fileRef = DD7111A121539AA300FFB432 /* url.cpp */; };
		DD7111B621539AA400FFB432 /* main.cpp in Sources */ = {isa = PBXBuildFile; fileRef = DD7111A521539AA400FFB432 /* main.cpp */; };
/* End PBXBuildFile section */

/* Begin PBXCopyFilesBuildPhase section */
		DD7111792153987100FFB432 /* CopyFiles */ = {
			isa = PBXCopyFilesBuildPhase;
			buildActionMask = 2147483647;
			dstPath = /usr/share/man/man1/;
			dstSubfolderSpec = 0;
			files = (
			);
			runOnlyForDeploymentPostprocessing = 1;
		};
/* End PBXCopyFilesBuildPhase section */

/* Begin PBXFileReference section */
		DD1B44062153B69600F5B7F4 /* error.h */ = {isa = PBXFileReference; fileEncoding = 4; lastKnownFileType = sourcecode.c.h; path = error.h; sourceTree = "<group>"; };
		DD1B44072153D83300F5B7F4 /* libmysqlclient.a */ = {isa = PBXFileReference; lastKnownFileType = archive.ar; name = libmysqlclient.a; path = ../../../../../usr/local/Cellar/mysql/8.0.12/lib/libmysqlclient.a; sourceTree = "<group>"; };
		DD1B440D2153D9D000F5B7F4 /* libzdb.a */ = {isa = PBXFileReference; lastKnownFileType = archive.ar; path = libzdb.a; sourceTree = "<group>"; };
		DD29AB1C215526D600A2CE46 /* libsqlite3.a */ = {isa = PBXFileReference; lastKnownFileType = archive.ar; path = libsqlite3.a; sourceTree = "<group>"; };
		DD71117B2153987100FFB432 /* NTGBIN */ = {isa = PBXFileReference; explicitFileType = "compiled.mach-o.executable"; includeInIndex = 0; path = NTGBIN; sourceTree = BUILT_PRODUCTS_DIR; };
		DD71117E2153987100FFB432 /* main.cpp */ = {isa = PBXFileReference; lastKnownFileType = sourcecode.cpp.cpp; path = main.cpp; sourceTree = "<group>"; };
		DD71118621539AA300FFB432 /* error.cpp */ = {isa = PBXFileReference; fileEncoding = 4; lastKnownFileType = sourcecode.cpp.cpp; path = error.cpp; sourceTree = "<group>"; };
		DD71118721539AA300FFB432 /* string.cpp */ = {isa = PBXFileReference; fileEncoding = 4; lastKnownFileType = sourcecode.cpp.cpp; path = string.cpp; sourceTree = "<group>"; };
		DD71118821539AA300FFB432 /* string.h */ = {isa = PBXFileReference; fileEncoding = 4; lastKnownFileType = sourcecode.c.h; path = string.h; sourceTree = "<group>"; };
		DD71118921539AA300FFB432 /* tcp_connect.cpp */ = {isa = PBXFileReference; fileEncoding = 4; lastKnownFileType = sourcecode.cpp.cpp; path = tcp_connect.cpp; sourceTree = "<group>"; };
		DD71118A21539AA300FFB432 /* unp.h */ = {isa = PBXFileReference; fileEncoding = 4; lastKnownFileType = sourcecode.c.h; path = unp.h; sourceTree = "<group>"; };
		DD71118B21539AA300FFB432 /* wrapsock.cpp */ = {isa = PBXFileReference; fileEncoding = 4; lastKnownFileType = sourcecode.cpp.cpp; path = wrapsock.cpp; sourceTree = "<group>"; };
		DD71118C21539AA300FFB432 /* wrapunix.cpp */ = {isa = PBXFileReference; fileEncoding = 4; lastKnownFileType = sourcecode.cpp.cpp; path = wrapunix.cpp; sourceTree = "<group>"; };
		DD71118E21539AA300FFB432 /* Get_User_Data.cpp */ = {isa = PBXFileReference; fileEncoding = 4; lastKnownFileType = sourcecode.cpp.cpp; path = Get_User_Data.cpp; sourceTree = "<group>"; };
		DD71119021539AA300FFB432 /* web.cpp */ = {isa = PBXFileReference; fileEncoding = 4; lastKnownFileType = sourcecode.cpp.cpp; path = web.cpp; sourceTree = "<group>"; };
		DD71119121539AA300FFB432 /* web.h */ = {isa = PBXFileReference; fileEncoding = 4; lastKnownFileType = sourcecode.c.h; path = web.h; sourceTree = "<group>"; };
		DD71119221539AA300FFB432 /* global.cpp */ = {isa = PBXFileReference; fileEncoding = 4; lastKnownFileType = sourcecode.cpp.cpp; name = global.cpp; path = ../../../../../src/global.cpp; sourceTree = "<group>"; };
		DD71119421539AA300FFB432 /* ntgs_mysql.cpp */ = {isa = PBXFileReference; fileEncoding = 4; lastKnownFileType = sourcecode.cpp.cpp; path = ntgs_mysql.cpp; sourceTree = "<group>"; };
		DD71119521539AA300FFB432 /* ntgs_mysql.h */ = {isa = PBXFileReference; fileEncoding = 4; lastKnownFileType = sourcecode.c.h; path = ntgs_mysql.h; sourceTree = "<group>"; };
		DD71119621539AA300FFB432 /* maintest.cpp */ = {isa = PBXFileReference; fileEncoding = 4; lastKnownFileType = sourcecode.cpp.cpp; name = maintest.cpp; path = ../../../../../src/maintest.cpp; sourceTree = "<group>"; };
		DD71119821539AA300FFB432 /* gstring.h */ = {isa = PBXFileReference; fileEncoding = 4; lastKnownFileType = sourcecode.c.h; path = gstring.h; sourceTree = "<group>"; };
		DD71119921539AA300FFB432 /* gtring.cpp */ = {isa = PBXFileReference; fileEncoding = 4; lastKnownFileType = sourcecode.cpp.cpp; path = gtring.cpp; sourceTree = "<group>"; };
		DD71119A21539AA300FFB432 /* http.cpp */ = {isa = PBXFileReference; fileEncoding = 4; lastKnownFileType = sourcecode.cpp.cpp; path = http.cpp; sourceTree = "<group>"; };
		DD71119B21539AA300FFB432 /* http.h */ = {isa = PBXFileReference; fileEncoding = 4; lastKnownFileType = sourcecode.c.h; path = http.h; sourceTree = "<group>"; };
		DD71119C21539AA300FFB432 /* scanroutine.cpp */ = {isa = PBXFileReference; fileEncoding = 4; lastKnownFileType = sourcecode.cpp.cpp; path = scanroutine.cpp; sourceTree = "<group>"; };
		DD71119D21539AA300FFB432 /* text.cpp */ = {isa = PBXFileReference; fileEncoding = 4; lastKnownFileType = sourcecode.cpp.cpp; path = text.cpp; sourceTree = "<group>"; };
		DD71119E21539AA300FFB432 /* text.h */ = {isa = PBXFileReference; fileEncoding = 4; lastKnownFileType = sourcecode.c.h; path = text.h; sourceTree = "<group>"; };
		DD71119F21539AA300FFB432 /* threadpool.cpp */ = {isa = PBXFileReference; fileEncoding = 4; lastKnownFileType = sourcecode.cpp.cpp; path = threadpool.cpp; sourceTree = "<group>"; };
		DD7111A021539AA300FFB432 /* threadpool.h */ = {isa = PBXFileReference; fileEncoding = 4; lastKnownFileType = sourcecode.c.h; path = threadpool.h; sourceTree = "<group>"; };
		DD7111A121539AA300FFB432 /* url.cpp */ = {isa = PBXFileReference; fileEncoding = 4; lastKnownFileType = sourcecode.cpp.cpp; path = url.cpp; sourceTree = "<group>"; };
		DD7111A221539AA300FFB432 /* url.h */ = {isa = PBXFileReference; fileEncoding = 4; lastKnownFileType = sourcecode.c.h; path = url.h; sourceTree = "<group>"; };
		DD7111A321539AA300FFB432 /* types.h */ = {isa = PBXFileReference; fileEncoding = 4; lastKnownFileType = sourcecode.c.h; name = types.h; path = ../../../../../src/types.h; sourceTree = "<group>"; };
		DD7111A421539AA300FFB432 /* global.h */ = {isa = PBXFileReference; fileEncoding = 4; lastKnownFileType = sourcecode.c.h; name = global.h; path = ../../../../../src/global.h; sourceTree = "<group>"; };
		DD7111A521539AA400FFB432 /* main.cpp */ = {isa = PBXFileReference; fileEncoding = 4; lastKnownFileType = sourcecode.cpp.cpp; name = main.cpp; path = ../../../../../src/main.cpp; sourceTree = "<group>"; };
		DD7111BB21539BE800FFB432 /* binary_log_types.h */ = {isa = PBXFileReference; fileEncoding = 4; lastKnownFileType = sourcecode.c.h; path = binary_log_types.h; sourceTree = "<group>"; };
		DD7111BC21539BE800FFB432 /* errmsg.h */ = {isa = PBXFileReference; fileEncoding = 4; lastKnownFileType = sourcecode.c.h; path = errmsg.h; sourceTree = "<group>"; };
		DD7111BD21539BE800FFB432 /* my_command.h */ = {isa = PBXFileReference; fileEncoding = 4; lastKnownFileType = sourcecode.c.h; path = my_command.h; sourceTree = "<group>"; };
		DD7111BE21539BE800FFB432 /* my_list.h */ = {isa = PBXFileReference; fileEncoding = 4; lastKnownFileType = sourcecode.c.h; path = my_list.h; sourceTree = "<group>"; };
		DD7111C021539BE800FFB432 /* client_plugin.h */ = {isa = PBXFileReference; fileEncoding = 4; lastKnownFileType = sourcecode.c.h; path = client_plugin.h; sourceTree = "<group>"; };
		DD7111C121539BE800FFB432 /* plugin_auth_common.h */ = {isa = PBXFileReference; fileEncoding = 4; lastKnownFileType = sourcecode.c.h; path = plugin_auth_common.h; sourceTree = "<group>"; };
		DD7111C221539BE800FFB432 /* udf_registration_types.h */ = {isa = PBXFileReference; fileEncoding = 4; lastKnownFileType = sourcecode.c.h; path = udf_registration_types.h; sourceTree = "<group>"; };
		DD7111C321539BE800FFB432 /* mysql.h */ = {isa = PBXFileReference; fileEncoding = 4; lastKnownFileType = sourcecode.c.h; path = mysql.h; sourceTree = "<group>"; };
		DD7111C421539BE800FFB432 /* mysql_com.h */ = {isa = PBXFileReference; fileEncoding = 4; lastKnownFileType = sourcecode.c.h; path = mysql_com.h; sourceTree = "<group>"; };
		DD7111C521539BE800FFB432 /* mysql_time.h */ = {isa = PBXFileReference; fileEncoding = 4; lastKnownFileType = sourcecode.c.h; path = mysql_time.h; sourceTree = "<group>"; };
		DD7111C621539BE800FFB432 /* mysql_version.h */ = {isa = PBXFileReference; fileEncoding = 4; lastKnownFileType = sourcecode.c.h; path = mysql_version.h; sourceTree = "<group>"; };
		DD7111C721539BE800FFB432 /* mysqld_error.h */ = {isa = PBXFileReference; fileEncoding = 4; lastKnownFileType = sourcecode.c.h; path = mysqld_error.h; sourceTree = "<group>"; };
		DD7111C821539BE800FFB432 /* mysqlx_ername.h */ = {isa = PBXFileReference; fileEncoding = 4; lastKnownFileType = sourcecode.c.h; path = mysqlx_ername.h; sourceTree = "<group>"; };
		DD7111C921539BE800FFB432 /* mysqlx_error.h */ = {isa = PBXFileReference; fileEncoding = 4; lastKnownFileType = sourcecode.c.h; path = mysqlx_error.h; sourceTree = "<group>"; };
		DD7111CA21539BE800FFB432 /* mysqlx_version.h */ = {isa = PBXFileReference; fileEncoding = 4; lastKnownFileType = sourcecode.c.h; path = mysqlx_version.h; sourceTree = "<group>"; };
		DD7111CC21539BE800FFB432 /* Connection.h */ = {isa = PBXFileReference; fileEncoding = 4; lastKnownFileType = sourcecode.c.h; path = Connection.h; sourceTree = "<group>"; };
		DD7111CD21539BE800FFB432 /* ConnectionPool.h */ = {isa = PBXFileReference; fileEncoding = 4; lastKnownFileType = sourcecode.c.h; path = ConnectionPool.h; sourceTree = "<group>"; };
		DD7111CE21539BE800FFB432 /* Exception.h */ = {isa = PBXFileReference; fileEncoding = 4; lastKnownFileType = sourcecode.c.h; path = Exception.h; sourceTree = "<group>"; };
		DD7111CF21539BE800FFB432 /* PreparedStatement.h */ = {isa = PBXFileReference; fileEncoding = 4; lastKnownFileType = sourcecode.c.h; path = PreparedStatement.h; sourceTree = "<group>"; };
		DD7111D021539BE800FFB432 /* ResultSet.h */ = {isa = PBXFileReference; fileEncoding = 4; lastKnownFileType = sourcecode.c.h; path = ResultSet.h; sourceTree = "<group>"; };
		DD7111D121539BE800FFB432 /* SQLException.h */ = {isa = PBXFileReference; fileEncoding = 4; lastKnownFileType = sourcecode.c.h; path = SQLException.h; sourceTree = "<group>"; };
		DD7111D221539BE800FFB432 /* URL.h */ = {isa = PBXFileReference; fileEncoding = 4; lastKnownFileType = sourcecode.c.h; path = URL.h; sourceTree = "<group>"; };
		DD7111D321539BE800FFB432 /* zdb.h */ = {isa = PBXFileReference; fileEncoding = 4; lastKnownFileType = sourcecode.c.h; path = zdb.h; sourceTree = "<group>"; };
/* End PBXFileReference section */

/* Begin PBXFrameworksBuildPhase section */
		DD7111782153987100FFB432 /* Frameworks */ = {
			isa = PBXFrameworksBuildPhase;
			buildActionMask = 2147483647;
			files = (
				DD29AB1D215526D600A2CE46 /* libsqlite3.a in Frameworks */,
				DD1B440E2153D9D100F5B7F4 /* libzdb.a in Frameworks */,
				DD1B44082153D83300F5B7F4 /* libmysqlclient.a in Frameworks */,
			);
			runOnlyForDeploymentPostprocessing = 0;
		};
/* End PBXFrameworksBuildPhase section */

/* Begin PBXGroup section */
		DD1B440B2153D99E00F5B7F4 /* Frameworks */ = {
			isa = PBXGroup;
			children = (
			);
			name = Frameworks;
			sourceTree = "<group>";
		};
		DD7111722153987100FFB432 = {
			isa = PBXGroup;
			children = (
				DD7111B921539BE800FFB432 /* headers */,
				DD71117D2153987100FFB432 /* NTGBIN */,
				DD71117C2153987100FFB432 /* Products */,
				DD7111B721539BE700FFB432 /* libs */,
				DD1B440B2153D99E00F5B7F4 /* Frameworks */,
			);
			sourceTree = "<group>";
		};
		DD71117C2153987100FFB432 /* Products */ = {
			isa = PBXGroup;
			children = (
				DD71117B2153987100FFB432 /* NTGBIN */,
			);
			name = Products;
			sourceTree = "<group>";
		};
		DD71117D2153987100FFB432 /* NTGBIN */ = {
			isa = PBXGroup;
			children = (
				DD71118D21539AA300FFB432 /* algs */,
				DD71119321539AA300FFB432 /* dbi */,
				DD71119221539AA300FFB432 /* global.cpp */,
				DD7111A421539AA300FFB432 /* global.h */,
				DD71118521539AA300FFB432 /* lib */,
				DD7111A521539AA400FFB432 /* main.cpp */,
				DD71119621539AA300FFB432 /* maintest.cpp */,
				DD7111A321539AA300FFB432 /* types.h */,
				DD71119721539AA300FFB432 /* utils */,
				DD71118F21539AA300FFB432 /* web */,
				DD71117E2153987100FFB432 /* main.cpp */,
			);
			path = NTGBIN;
			sourceTree = "<group>";
		};
		DD71118521539AA300FFB432 /* lib */ = {
			isa = PBXGroup;
			children = (
				DD1B44062153B69600F5B7F4 /* error.h */,
				DD71118621539AA300FFB432 /* error.cpp */,
				DD71118721539AA300FFB432 /* string.cpp */,
				DD71118821539AA300FFB432 /* string.h */,
				DD71118921539AA300FFB432 /* tcp_connect.cpp */,
				DD71118A21539AA300FFB432 /* unp.h */,
				DD71118B21539AA300FFB432 /* wrapsock.cpp */,
				DD71118C21539AA300FFB432 /* wrapunix.cpp */,
			);
			name = lib;
			path = ../../../../../src/lib;
			sourceTree = "<group>";
		};
		DD71118D21539AA300FFB432 /* algs */ = {
			isa = PBXGroup;
			children = (
				DD71118E21539AA300FFB432 /* Get_User_Data.cpp */,
			);
			name = algs;
			path = ../../../../../src/algs;
			sourceTree = "<group>";
		};
		DD71118F21539AA300FFB432 /* web */ = {
			isa = PBXGroup;
			children = (
				DD71119021539AA300FFB432 /* web.cpp */,
				DD71119121539AA300FFB432 /* web.h */,
			);
			name = web;
			path = ../../../../../src/web;
			sourceTree = "<group>";
		};
		DD71119321539AA300FFB432 /* dbi */ = {
			isa = PBXGroup;
			children = (
				DD71119421539AA300FFB432 /* ntgs_mysql.cpp */,
				DD71119521539AA300FFB432 /* ntgs_mysql.h */,
			);
			name = dbi;
			path = ../../../../../src/dbi;
			sourceTree = "<group>";
		};
		DD71119721539AA300FFB432 /* utils */ = {
			isa = PBXGroup;
			children = (
				DD71119821539AA300FFB432 /* gstring.h */,
				DD71119921539AA300FFB432 /* gtring.cpp */,
				DD71119A21539AA300FFB432 /* http.cpp */,
				DD71119B21539AA300FFB432 /* http.h */,
				DD71119C21539AA300FFB432 /* scanroutine.cpp */,
				DD71119D21539AA300FFB432 /* text.cpp */,
				DD71119E21539AA300FFB432 /* text.h */,
				DD71119F21539AA300FFB432 /* threadpool.cpp */,
				DD7111A021539AA300FFB432 /* threadpool.h */,
				DD7111A121539AA300FFB432 /* url.cpp */,
				DD7111A221539AA300FFB432 /* url.h */,
			);
			name = utils;
			path = ../../../../../src/utils;
			sourceTree = "<group>";
		};
		DD7111B721539BE700FFB432 /* libs */ = {
			isa = PBXGroup;
			children = (
				DD29AB1C215526D600A2CE46 /* libsqlite3.a */,
				DD1B440D2153D9D000F5B7F4 /* libzdb.a */,
				DD1B44072153D83300F5B7F4 /* libmysqlclient.a */,
			);
			name = libs;
			path = ../../../../thirdparty/libs;
			sourceTree = "<group>";
		};
		DD7111B921539BE800FFB432 /* headers */ = {
			isa = PBXGroup;
			children = (
				DD7111BA21539BE800FFB432 /* mysql */,
				DD7111CB21539BE800FFB432 /* zdb */,
			);
			name = headers;
			path = ../../../../thirdparty/headers;
			sourceTree = "<group>";
		};
		DD7111BA21539BE800FFB432 /* mysql */ = {
			isa = PBXGroup;
			children = (
				DD7111BB21539BE800FFB432 /* binary_log_types.h */,
				DD7111BC21539BE800FFB432 /* errmsg.h */,
				DD7111BD21539BE800FFB432 /* my_command.h */,
				DD7111BE21539BE800FFB432 /* my_list.h */,
				DD7111BF21539BE800FFB432 /* mysql */,
				DD7111C321539BE800FFB432 /* mysql.h */,
				DD7111C421539BE800FFB432 /* mysql_com.h */,
				DD7111C521539BE800FFB432 /* mysql_time.h */,
				DD7111C621539BE800FFB432 /* mysql_version.h */,
				DD7111C721539BE800FFB432 /* mysqld_error.h */,
				DD7111C821539BE800FFB432 /* mysqlx_ername.h */,
				DD7111C921539BE800FFB432 /* mysqlx_error.h */,
				DD7111CA21539BE800FFB432 /* mysqlx_version.h */,
			);
			path = mysql;
			sourceTree = "<group>";
		};
		DD7111BF21539BE800FFB432 /* mysql */ = {
			isa = PBXGroup;
			children = (
				DD7111C021539BE800FFB432 /* client_plugin.h */,
				DD7111C121539BE800FFB432 /* plugin_auth_common.h */,
				DD7111C221539BE800FFB432 /* udf_registration_types.h */,
			);
			path = mysql;
			sourceTree = "<group>";
		};
		DD7111CB21539BE800FFB432 /* zdb */ = {
			isa = PBXGroup;
			children = (
				DD7111CC21539BE800FFB432 /* Connection.h */,
				DD7111CD21539BE800FFB432 /* ConnectionPool.h */,
				DD7111CE21539BE800FFB432 /* Exception.h */,
				DD7111CF21539BE800FFB432 /* PreparedStatement.h */,
				DD7111D021539BE800FFB432 /* ResultSet.h */,
				DD7111D121539BE800FFB432 /* SQLException.h */,
				DD7111D221539BE800FFB432 /* URL.h */,
				DD7111D321539BE800FFB432 /* zdb.h */,
			);
			path = zdb;
			sourceTree = "<group>";
		};
/* End PBXGroup section */

/* Begin PBXNativeTarget section */
		DD71117A2153987100FFB432 /* NTGBIN */ = {
			isa = PBXNativeTarget;
			buildConfigurationList = DD7111822153987100FFB432 /* Build configuration list for PBXNativeTarget "NTGBIN" */;
			buildPhases = (
				DD7111772153987100FFB432 /* Sources */,
				DD7111782153987100FFB432 /* Frameworks */,
				DD7111792153987100FFB432 /* CopyFiles */,
			);
			buildRules = (
			);
			dependencies = (
			);
			name = NTGBIN;
			productName = NTGBIN;
			productReference = DD71117B2153987100FFB432 /* NTGBIN */;
			productType = "com.apple.product-type.tool";
		};
/* End PBXNativeTarget section */

/* Begin PBXProject section */
		DD7111732153987100FFB432 /* Project object */ = {
			isa = PBXProject;
			attributes = {
				LastUpgradeCheck = 0940;
				ORGANIZATIONNAME = "胡喜";
				TargetAttributes = {
					DD71117A2153987100FFB432 = {
						CreatedOnToolsVersion = 9.4.1;
					};
				};
			};
			buildConfigurationList = DD7111762153987100FFB432 /* Build configuration list for PBXProject "NTGBIN" */;
			compatibilityVersion = "Xcode 9.3";
			developmentRegion = en;
			hasScannedForEncodings = 0;
			knownRegions = (
				en,
			);
			mainGroup = DD7111722153987100FFB432;
			productRefGroup = DD71117C2153987100FFB432 /* Products */;
			projectDirPath = "";
			projectRoot = "";
			targets = (
				DD71117A2153987100FFB432 /* NTGBIN */,
			);
		};
/* End PBXProject section */

/* Begin PBXSourcesBuildPhase section */
		DD7111772153987100FFB432 /* Sources */ = {
			isa = PBXSourcesBuildPhase;
			buildActionMask = 2147483647;
			files = (
				DD7111A821539AA400FFB432 /* tcp_connect.cpp in Sources */,
				DD7111B421539AA400FFB432 /* threadpool.cpp in Sources */,
				DD7111B621539AA400FFB432 /* main.cpp in Sources */,
				DD7111A721539AA400FFB432 /* string.cpp in Sources */,
				DD7111A621539AA400FFB432 /* error.cpp in Sources */,
				DD7111B521539AA400FFB432 /* url.cpp in Sources */,
				DD7111AA21539AA400FFB432 /* wrapunix.cpp in Sources */,
				DD7111AE21539AA400FFB432 /* ntgs_mysql.cpp in Sources */,
				DD71117F2153987100FFB432 /* main.cpp in Sources */,
				DD7111B021539AA400FFB432 /* gtring.cpp in Sources */,
				DD7111B121539AA400FFB432 /* http.cpp in Sources */,
				DD7111B321539AA400FFB432 /* text.cpp in Sources */,
				DD7111AD21539AA400FFB432 /* global.cpp in Sources */,
				DD7111B221539AA400FFB432 /* scanroutine.cpp in Sources */,
				DD7111A921539AA400FFB432 /* wrapsock.cpp in Sources */,
				DD7111AC21539AA400FFB432 /* web.cpp in Sources */,
				DD7111AF21539AA400FFB432 /* maintest.cpp in Sources */,
				DD7111AB21539AA400FFB432 /* Get_User_Data.cpp in Sources */,
			);
			runOnlyForDeploymentPostprocessing = 0;
		};
/* End PBXSourcesBuildPhase section */

/* Begin XCBuildConfiguration section */
		DD7111802153987100FFB432 /* Debug */ = {
			isa = XCBuildConfiguration;
			buildSettings = {
				ALWAYS_SEARCH_USER_PATHS = NO;
				CLANG_ANALYZER_NONNULL = YES;
				CLANG_ANALYZER_NUMBER_OBJECT_CONVERSION = YES_AGGRESSIVE;
				CLANG_CXX_LANGUAGE_STANDARD = "gnu++14";
				CLANG_CXX_LIBRARY = "libc++";
				CLANG_ENABLE_MODULES = YES;
				CLANG_ENABLE_OBJC_ARC = YES;
				CLANG_ENABLE_OBJC_WEAK = YES;
				CLANG_WARN_BLOCK_CAPTURE_AUTORELEASING = YES;
				CLANG_WARN_BOOL_CONVERSION = YES;
				CLANG_WARN_COMMA = YES;
				CLANG_WARN_CONSTANT_CONVERSION = YES;
				CLANG_WARN_DEPRECATED_OBJC_IMPLEMENTATIONS = YES;
				CLANG_WARN_DIRECT_OBJC_ISA_USAGE = YES_ERROR;
				CLANG_WARN_DOCUMENTATION_COMMENTS = YES;
				CLANG_WARN_EMPTY_BODY = YES;
				CLANG_WARN_ENUM_CONVERSION = YES;
				CLANG_WARN_INFINITE_RECURSION = YES;
				CLANG_WARN_INT_CONVERSION = YES;
				CLANG_WARN_NON_LITERAL_NULL_CONVERSION = YES;
				CLANG_WARN_OBJC_IMPLICIT_RETAIN_SELF = YES;
				CLANG_WARN_OBJC_LITERAL_CONVERSION = YES;
				CLANG_WARN_OBJC_ROOT_CLASS = YES_ERROR;
				CLANG_WARN_RANGE_LOOP_ANALYSIS = YES;
				CLANG_WARN_STRICT_PROTOTYPES = YES;
				CLANG_WARN_SUSPICIOUS_MOVE = YES;
				CLANG_WARN_UNGUARDED_AVAILABILITY = YES_AGGRESSIVE;
				CLANG_WARN_UNREACHABLE_CODE = YES;
				CLANG_WARN__DUPLICATE_METHOD_MATCH = YES;
				CODE_SIGN_IDENTITY = "Mac Developer";
				COPY_PHASE_STRIP = NO;
				DEBUG_INFORMATION_FORMAT = dwarf;
				ENABLE_STRICT_OBJC_MSGSEND = YES;
				ENABLE_TESTABILITY = YES;
				GCC_C_LANGUAGE_STANDARD = gnu11;
				GCC_DYNAMIC_NO_PIC = NO;
				GCC_NO_COMMON_BLOCKS = YES;
				GCC_OPTIMIZATION_LEVEL = 0;
				GCC_PREPROCESSOR_DEFINITIONS = (
					"DEBUG=1",
					"$(inherited)",
				);
				GCC_WARN_64_TO_32_BIT_CONVERSION = YES;
				GCC_WARN_ABOUT_RETURN_TYPE = YES_ERROR;
				GCC_WARN_UNDECLARED_SELECTOR = YES;
				GCC_WARN_UNINITIALIZED_AUTOS = YES_AGGRESSIVE;
				GCC_WARN_UNUSED_FUNCTION = YES;
				GCC_WARN_UNUSED_VARIABLE = YES;
				MACOSX_DEPLOYMENT_TARGET = 10.13;
				MTL_ENABLE_DEBUG_INFO = YES;
				ONLY_ACTIVE_ARCH = YES;
				SDKROOT = macosx;
			};
			name = Debug;
		};
		DD7111812153987100FFB432 /* Release */ = {
			isa = XCBuildConfiguration;
			buildSettings = {
				ALWAYS_SEARCH_USER_PATHS = NO;
				CLANG_ANALYZER_NONNULL = YES;
				CLANG_ANALYZER_NUMBER_OBJECT_CONVERSION = YES_AGGRESSIVE;
				CLANG_CXX_LANGUAGE_STANDARD = "gnu++14";
				CLANG_CXX_LIBRARY = "libc++";
				CLANG_ENABLE_MODULES = YES;
				CLANG_ENABLE_OBJC_ARC = YES;
				CLANG_ENABLE_OBJC_WEAK = YES;
				CLANG_WARN_BLOCK_CAPTURE_AUTORELEASING = YES;
				CLANG_WARN_BOOL_CONVERSION = YES;
				CLANG_WARN_COMMA = YES;
				CLANG_WARN_CONSTANT_CONVERSION = YES;
				CLANG_WARN_DEPRECATED_OBJC_IMPLEMENTATIONS = YES;
				CLANG_WARN_DIRECT_OBJC_ISA_USAGE = YES_ERROR;
				CLANG_WARN_DOCUMENTATION_COMMENTS = YES;
				CLANG_WARN_EMPTY_BODY = YES;
				CLANG_WARN_ENUM_CONVERSION = YES;
				CLANG_WARN_INFINITE_RECURSION = YES;
				CLANG_WARN_INT_CONVERSION = YES;
				CLANG_WARN_NON_LITERAL_NULL_CONVERSION = YES;
				CLANG_WARN_OBJC_IMPLICIT_RETAIN_SELF = YES;
				CLANG_WARN_OBJC_LITERAL_CONVERSION = YES;
				CLANG_WARN_OBJC_ROOT_CLASS = YES_ERROR;
				CLANG_WARN_RANGE_LOOP_ANALYSIS = YES;
				CLANG_WARN_STRICT_PROTOTYPES = YES;
				CLANG_WARN_SUSPICIOUS_MOVE = YES;
				CLANG_WARN_UNGUARDED_AVAILABILITY = YES_AGGRESSIVE;
				CLANG_WARN_UNREACHABLE_CODE = YES;
				CLANG_WARN__DUPLICATE_METHOD_MATCH = YES;
				CODE_SIGN_IDENTITY = "Mac Developer";
				COPY_PHASE_STRIP = NO;
				DEBUG_INFORMATION_FORMAT = "dwarf-with-dsym";
				ENABLE_NS_ASSERTIONS = NO;
				ENABLE_STRICT_OBJC_MSGSEND = YES;
				GCC_C_LANGUAGE_STANDARD = gnu11;
				GCC_NO_COMMON_BLOCKS = YES;
				GCC_WARN_64_TO_32_BIT_CONVERSION = YES;
				GCC_WARN_ABOUT_RETURN_TYPE = YES_ERROR;
				GCC_WARN_UNDECLARED_SELECTOR = YES;
				GCC_WARN_UNINITIALIZED_AUTOS = YES_AGGRESSIVE;
				GCC_WARN_UNUSED_FUNCTION = YES;
				GCC_WARN_UNUSED_VARIABLE = YES;
				MACOSX_DEPLOYMENT_TARGET = 10.13;
				MTL_ENABLE_DEBUG_INFO = NO;
				SDKROOT = macosx;
			};
			name = Release;
		};
		DD7111832153987100FFB432 /* Debug */ = {
			isa = XCBuildConfiguration;
			buildSettings = {
				CLANG_CXX_LANGUAGE_STANDARD = "gnu++14";
				CODE_SIGN_STYLE = Automatic;
				DEVELOPMENT_TEAM = C4MNR3G2YX;
				GCC_C_LANGUAGE_STANDARD = gnu11;
				HEADER_SEARCH_PATHS = "\"$(SRCROOT)/../../../../thirdparty/headers\"/**";
				LIBRARY_SEARCH_PATHS = (
					"\"$(SRCROOT)/../../../../thirdparty/libs\"/**",
					"/usr/local/Cellar/mysql/8.0.12/lib/**",
				);
				PRODUCT_NAME = "$(TARGET_NAME)";
			};
			name = Debug;
		};
		DD7111842153987100FFB432 /* Release */ = {
			isa = XCBuildConfiguration;
			buildSettings = {
				CLANG_CXX_LANGUAGE_STANDARD = "gnu++14";
				CODE_SIGN_STYLE = Automatic;
				DEVELOPMENT_TEAM = C4MNR3G2YX;
				GCC_C_LANGUAGE_STANDARD = gnu11;
				HEADER_SEARCH_PATHS = "\"$(SRCROOT)/../../../../thirdparty/headers\"/**";
				LIBRARY_SEARCH_PATHS = (
					"\"$(SRCROOT)/../../../../thirdparty/libs\"/**",
					"/usr/local/Cellar/mysql/8.0.12/lib/**",
				);
				PRODUCT_NAME = "$(TARGET_NAME)";
			};
			name = Release;
		};
/* End XCBuildConfiguration section */

/* Begin XCConfigurationList section */
		DD7111762153987100FFB432 /* Build configuration list for PBXProject "NTGBIN" */ = {
			isa = XCConfigurationList;
			buildConfigurations = (
				DD7111802153987100FFB432 /* Debug */,
				DD7111812153987100FFB432 /* Release */,
			);
			defaultConfigurationIsVisible = 0;
			defaultConfigurationName = Release;
		};
		DD7111822153987100FFB432 /* Build configuration list for PBXNativeTarget "NTGBIN" */ = {
			isa = XCConfigurationList;
			buildConfigurations = (
				DD7111832153987100FFB432 /* Debug */,
				DD7111842153987100FFB432 /* Release */,
			);
			defaultConfigurationIsVisible = 0;
			defaultConfigurationName = Release;
		};
/* End XCConfigurationList section */
	};
	rootObject = DD7111732153987100FFB432 /* Project object */;
}
